
Microsoft Visual Studio Solution File, Format Version 12.00
# Visual Studio Version 17
VisualStudioVersion = 17.8.34330.188
MinimumVisualStudioVersion = 10.0.40219.1
Project("{FAE04EC0-301F-11D3-BF4B-00C04F79EFBC}") = "SistemaInventariov6", "SistemaInventariov6\SistemaInventariov6.csproj", "{10EA24E3-E16E-46C8-A023-C0CD01B7F09B}"
EndProject
Project("{FAE04EC0-301F-11D3-BF4B-00C04F79EFBC}") = "SistemaInventariov6.AccesoDatos", "SistemaInventariov6.AccesoDatos\SistemaInventariov6.AccesoDatos.csproj", "{8C5627BB-9DBC-40D1-AA1B-FFEDD35D5127}"
EndProject
Project("{FAE04EC0-301F-11D3-BF4B-00C04F79EFBC}") = "SistemaInventariov6.Modelos", "SistemaInventariov6.Modelos\SistemaInventariov6.Modelos.csproj", "{18617A81-4FF0-4ECD-BD66-AE66949783D1}"
EndProject
Project("{FAE04EC0-301F-11D3-BF4B-00C04F79EFBC}") = "SistemaInventariov6.Utilidades", "SistemaInventariov6.Utilidades\SistemaInventariov6.Utilidades.csproj", "{6683C452-E7BC-4F7E-9DD1-01F2F98DB703}"
EndProject
Global
	GlobalSection(SolutionConfigurationPlatforms) = preSolution
		Debug|Any CPU = Debug|Any CPU
		Release|Any CPU = Release|Any CPU
	EndGlobalSection
	GlobalSection(ProjectConfigurationPlatforms) = postSolution
		{10EA24E3-E16E-46C8-A023-C0CD01B7F09B}.Debug|Any CPU.ActiveCfg = Debug|Any CPU
		{10EA24E3-E16E-46C8-A023-C0CD01B7F09B}.Debug|Any CPU.Build.0 = Debug|Any CPU
		{10EA24E3-E16E-46C8-A023-C0CD01B7F09B}.Release|Any CPU.ActiveCfg = Release|Any CPU
		{10EA24E3-E16E-46C8-A023-C0CD01B7F09B}.Release|Any CPU.Build.0 = Release|Any CPU
		{8C5627BB-9DBC-40D1-AA1B-FFEDD35D5127}.Debug|Any CPU.ActiveCfg = Debug|Any CPU
		{8C5627BB-9DBC-40D1-AA1B-FFEDD35D5127}.Debug|Any CPU.Build.0 = Debug|Any CPU
		{8C5627BB-9DBC-40D1-AA1B-FFEDD35D5127}.Release|Any CPU.ActiveCfg = Release|Any CPU
		{8C5627BB-9DBC-40D1-AA1B-FFEDD35D5127}.Release|Any CPU.Build.0 = Release|Any CPU
		{18617A81-4FF0-4ECD-BD66-AE66949783D1}.Debug|Any CPU.ActiveCfg = Debug|Any CPU
		{18617A81-4FF0-4ECD-BD66-AE66949783D1}.Debug|Any CPU.Build.0 = Debug|Any CPU
		{18617A81-4FF0-4ECD-BD66-AE66949783D1}.Release|Any CPU.ActiveCfg = Release|Any CPU
		{18617A81-4FF0-4ECD-BD66-AE66949783D1}.Release|Any CPU.Build.0 = Release|Any CPU
		{6683C452-E7BC-4F7E-9DD1-01F2F98DB703}.Debug|Any CPU.ActiveCfg = Debug|Any CPU
		{6683C452-E7BC-4F7E-9DD1-01F2F98DB703}.Debug|Any CPU.Build.0 = Debug|Any CPU
		{6683C452-E7BC-4F7E-9DD1-01F2F98DB703}.Release|Any CPU.ActiveCfg = Release|Any CPU
		{6683C452-E7BC-4F7E-9DD1-01F2F98DB703}.Release|Any CPU.Build.0 = Release|Any CPU
	EndGlobalSection
	GlobalSection(SolutionProperties) = preSolution
		HideSolutionNode = FALSE
	EndGlobalSection
	GlobalSection(ExtensibilityGlobals) = postSolution
		SolutionGuid = {95B5C2EE-4A37-473F-B585-A64C015BF2DE}
	EndGlobalSection
EndGlobal
